
Microsoft Visual Studio Solution File, Format Version 12.00
Project("{FAE04EC0-301F-11D3-BF4B-00C04F79EFBC}") = "Arkanoid", "Arkanoid\Arkanoid.csproj", "{605FE635-8110-4A67-B43B-311B6BB64FAA}"
EndProject
Project("{FAE04EC0-301F-11D3-BF4B-00C04F79EFBC}") = "LevelLibrary", "LevelLibrary\LevelLibrary.csproj", "{34E6CE8B-2EA9-4BCA-B9E7-CF46133487DE}"
EndProject
Global
	GlobalSection(SolutionConfigurationPlatforms) = preSolution
		Debug|Any CPU = Debug|Any CPU
		Release|Any CPU = Release|Any CPU
	EndGlobalSection
	GlobalSection(ProjectConfigurationPlatforms) = postSolution
		{605FE635-8110-4A67-B43B-311B6BB64FAA}.Debug|Any CPU.ActiveCfg = Debug|Any CPU
		{605FE635-8110-4A67-B43B-311B6BB64FAA}.Debug|Any CPU.Build.0 = Debug|Any CPU
		{605FE635-8110-4A67-B43B-311B6BB64FAA}.Release|Any CPU.ActiveCfg = Release|Any CPU
		{605FE635-8110-4A67-B43B-311B6BB64FAA}.Release|Any CPU.Build.0 = Release|Any CPU
		{34E6CE8B-2EA9-4BCA-B9E7-CF46133487DE}.Debug|Any CPU.ActiveCfg = Debug|Any CPU
		{34E6CE8B-2EA9-4BCA-B9E7-CF46133487DE}.Debug|Any CPU.Build.0 = Debug|Any CPU
		{34E6CE8B-2EA9-4BCA-B9E7-CF46133487DE}.Release|Any CPU.ActiveCfg = Release|Any CPU
		{34E6CE8B-2EA9-4BCA-B9E7-CF46133487DE}.Release|Any CPU.Build.0 = Release|Any CPU
	EndGlobalSection
EndGlobal
